# This file is @generated by PDM.
# It is not intended for manual editing.

[[package]]
name = "oqhcli"
version = "0.1.2"
editable = true
path = "./_tools/cli"
summary = "oqh command line interface library"

[[package]]
name = "oqhlib"
version = "0.1.2"
requires_python = ">=3.10"
editable = true
path = "./_tools/lib"
summary = "oqh command line interface library"

[metadata]
lock_version = "4.2"
cross_platform = true
groups = ["default", "dev"]
content_hash = "sha256:dbd37521a94dae7783641ae5235883db9e009bede0719ea98444dd37b6028f46"

[metadata.files]
